
Microsoft Visual Studio Solution File, Format Version 12.00
# Visual Studio Version 16
VisualStudioVersion = 16.0.29306.81
MinimumVisualStudioVersion = 10.0.40219.1
Project("{8BC9CEB8-8B4A-11D0-8D11-00A0C91BC942}") = "RemoteGREP", "RemoteGREP\RemoteGREP.vcxproj", "{2B3744F6-BA1E-4608-BD7A-803E6BC4E4B6}"
EndProject
Project("{8BC9CEB8-8B4A-11D0-8D11-00A0C91BC942}") = "RemoteGREPClient", "RemoteGREPClient\RemoteGREPClient.vcxproj", "{F8EF22A5-937B-48FA-9469-F526595EE2BF}"
EndProject
Global
	GlobalSection(SolutionConfigurationPlatforms) = preSolution
		Debug|x64 = Debug|x64
		Debug|x86 = Debug|x86
		Release|x64 = Release|x64
		Release|x86 = Release|x86
	EndGlobalSection
	GlobalSection(ProjectConfigurationPlatforms) = postSolution
		{2B3744F6-BA1E-4608-BD7A-803E6BC4E4B6}.Debug|x64.ActiveCfg = Debug|x64
		{2B3744F6-BA1E-4608-BD7A-803E6BC4E4B6}.Debug|x64.Build.0 = Debug|x64
		{2B3744F6-BA1E-4608-BD7A-803E6BC4E4B6}.Debug|x86.ActiveCfg = Debug|Win32
		{2B3744F6-BA1E-4608-BD7A-803E6BC4E4B6}.Debug|x86.Build.0 = Debug|Win32
		{2B3744F6-BA1E-4608-BD7A-803E6BC4E4B6}.Release|x64.ActiveCfg = Release|x64
		{2B3744F6-BA1E-4608-BD7A-803E6BC4E4B6}.Release|x64.Build.0 = Release|x64
		{2B3744F6-BA1E-4608-BD7A-803E6BC4E4B6}.Release|x86.ActiveCfg = Release|Win32
		{2B3744F6-BA1E-4608-BD7A-803E6BC4E4B6}.Release|x86.Build.0 = Release|Win32
		{F8EF22A5-937B-48FA-9469-F526595EE2BF}.Debug|x64.ActiveCfg = Debug|x64
		{F8EF22A5-937B-48FA-9469-F526595EE2BF}.Debug|x64.Build.0 = Debug|x64
		{F8EF22A5-937B-48FA-9469-F526595EE2BF}.Debug|x86.ActiveCfg = Debug|Win32
		{F8EF22A5-937B-48FA-9469-F526595EE2BF}.Debug|x86.Build.0 = Debug|Win32
		{F8EF22A5-937B-48FA-9469-F526595EE2BF}.Release|x64.ActiveCfg = Release|x64
		{F8EF22A5-937B-48FA-9469-F526595EE2BF}.Release|x64.Build.0 = Release|x64
		{F8EF22A5-937B-48FA-9469-F526595EE2BF}.Release|x86.ActiveCfg = Release|Win32
		{F8EF22A5-937B-48FA-9469-F526595EE2BF}.Release|x86.Build.0 = Release|Win32
	EndGlobalSection
	GlobalSection(SolutionProperties) = preSolution
		HideSolutionNode = FALSE
	EndGlobalSection
	GlobalSection(ExtensibilityGlobals) = postSolution
		SolutionGuid = {14AAB9E0-092E-4CB3-9B69-52C22ACADCDD}
	EndGlobalSection
EndGlobal
